
Microsoft Visual Studio Solution File, Format Version 12.00
# Visual Studio Version 17
VisualStudioVersion = 17.7.34031.279
MinimumVisualStudioVersion = 10.0.40219.1
Project("{8BC9CEB8-8B4A-11D0-8D11-00A0C91BC942}") = "calculator", "calculator.vcxproj", "{CA0C237C-50BB-46A7-B6CE-97486DD488CE}"
EndProject
Project("{8BC9CEB8-8B4A-11D0-8D11-00A0C91BC942}") = "calcTest", "..\calcTest\calcTest.vcxproj", "{FA2E10FF-ACC4-481D-9FB2-0307FBAF4248}"
EndProject
Global
	GlobalSection(SolutionConfigurationPlatforms) = preSolution
		Debug|x64 = Debug|x64
		Debug|x86 = Debug|x86
		Release|x64 = Release|x64
		Release|x86 = Release|x86
	EndGlobalSection
	GlobalSection(ProjectConfigurationPlatforms) = postSolution
		{CA0C237C-50BB-46A7-B6CE-97486DD488CE}.Debug|x64.ActiveCfg = Debug|x64
		{CA0C237C-50BB-46A7-B6CE-97486DD488CE}.Debug|x64.Build.0 = Debug|x64
		{CA0C237C-50BB-46A7-B6CE-97486DD488CE}.Debug|x86.ActiveCfg = Debug|Win32
		{CA0C237C-50BB-46A7-B6CE-97486DD488CE}.Debug|x86.Build.0 = Debug|Win32
		{CA0C237C-50BB-46A7-B6CE-97486DD488CE}.Release|x64.ActiveCfg = Release|x64
		{CA0C237C-50BB-46A7-B6CE-97486DD488CE}.Release|x64.Build.0 = Release|x64
		{CA0C237C-50BB-46A7-B6CE-97486DD488CE}.Release|x86.ActiveCfg = Release|Win32
		{CA0C237C-50BB-46A7-B6CE-97486DD488CE}.Release|x86.Build.0 = Release|Win32
		{FA2E10FF-ACC4-481D-9FB2-0307FBAF4248}.Debug|x64.ActiveCfg = Debug|x64
		{FA2E10FF-ACC4-481D-9FB2-0307FBAF4248}.Debug|x64.Build.0 = Debug|x64
		{FA2E10FF-ACC4-481D-9FB2-0307FBAF4248}.Debug|x86.ActiveCfg = Debug|Win32
		{FA2E10FF-ACC4-481D-9FB2-0307FBAF4248}.Debug|x86.Build.0 = Debug|Win32
		{FA2E10FF-ACC4-481D-9FB2-0307FBAF4248}.Release|x64.ActiveCfg = Release|x64
		{FA2E10FF-ACC4-481D-9FB2-0307FBAF4248}.Release|x64.Build.0 = Release|x64
		{FA2E10FF-ACC4-481D-9FB2-0307FBAF4248}.Release|x86.ActiveCfg = Release|Win32
		{FA2E10FF-ACC4-481D-9FB2-0307FBAF4248}.Release|x86.Build.0 = Release|Win32
	EndGlobalSection
	GlobalSection(SolutionProperties) = preSolution
		HideSolutionNode = FALSE
	EndGlobalSection
	GlobalSection(ExtensibilityGlobals) = postSolution
		SolutionGuid = {41EEC76F-CE39-4B3B-92EA-C3E6927B16AA}
	EndGlobalSection
EndGlobal
